
Microsoft Visual Studio Solution File, Format Version 10.00
# Visual Studio 2008
Project("{E24C65DC-7377-472B-9ABA-BC803B73C61A}") = "Mca_Project1", "..\..\WebSites\Mca_Project1\", "{F4ADF25F-629E-4C12-A50C-23F4F5E364D9}"
	ProjectSection(WebsiteProperties) = preProject
		TargetFramework = "3.5"
		Debug.AspNetCompiler.VirtualPath = "/Mca_Project1"
		Debug.AspNetCompiler.PhysicalPath = "..\..\WebSites\Mca_Project1\"
		Debug.AspNetCompiler.TargetPath = "PrecompiledWeb\Mca_Project1\"
		Debug.AspNetCompiler.Updateable = "true"
		Debug.AspNetCompiler.ForceOverwrite = "true"
		Debug.AspNetCompiler.FixedNames = "false"
		Debug.AspNetCompiler.Debug = "True"
		Release.AspNetCompiler.VirtualPath = "/Mca_Project1"
		Release.AspNetCompiler.PhysicalPath = "..\..\WebSites\Mca_Project1\"
		Release.AspNetCompiler.TargetPath = "PrecompiledWeb\Mca_Project1\"
		Release.AspNetCompiler.Updateable = "true"
		Release.AspNetCompiler.ForceOverwrite = "true"
		Release.AspNetCompiler.FixedNames = "false"
		Release.AspNetCompiler.Debug = "False"
		VWDPort = "2399"
		DefaultWebSiteLanguage = "Visual C#"
	EndProjectSection
EndProject
Global
	GlobalSection(SolutionConfigurationPlatforms) = preSolution
		Debug|.NET = Debug|.NET
	EndGlobalSection
	GlobalSection(ProjectConfigurationPlatforms) = postSolution
		{F4ADF25F-629E-4C12-A50C-23F4F5E364D9}.Debug|.NET.ActiveCfg = Debug|.NET
		{F4ADF25F-629E-4C12-A50C-23F4F5E364D9}.Debug|.NET.Build.0 = Debug|.NET
	EndGlobalSection
	GlobalSection(SolutionProperties) = preSolution
		HideSolutionNode = FALSE
	EndGlobalSection
EndGlobal
